
Microsoft Visual Studio Solution File, Format Version 12.00
# Visual Studio Version 17
VisualStudioVersion = 17.7.34031.279
MinimumVisualStudioVersion = 10.0.40219.1
Project("{8BC9CEB8-8B4A-11D0-8D11-00A0C91BC942}") = "Арифметические операции с числами.Ввод значений и их вывод", "Арифметические операции с числами.Ввод значений и их вывод\Арифметические операции с числами.Ввод значений и их вывод.vcxproj", "{FE0954CE-B7C4-41B7-A60B-3365B0C32D76}"
EndProject
Global
	GlobalSection(SolutionConfigurationPlatforms) = preSolution
		Debug|x64 = Debug|x64
		Debug|x86 = Debug|x86
		Release|x64 = Release|x64
		Release|x86 = Release|x86
	EndGlobalSection
	GlobalSection(ProjectConfigurationPlatforms) = postSolution
		{FE0954CE-B7C4-41B7-A60B-3365B0C32D76}.Debug|x64.ActiveCfg = Debug|x64
		{FE0954CE-B7C4-41B7-A60B-3365B0C32D76}.Debug|x64.Build.0 = Debug|x64
		{FE0954CE-B7C4-41B7-A60B-3365B0C32D76}.Debug|x86.ActiveCfg = Debug|Win32
		{FE0954CE-B7C4-41B7-A60B-3365B0C32D76}.Debug|x86.Build.0 = Debug|Win32
		{FE0954CE-B7C4-41B7-A60B-3365B0C32D76}.Release|x64.ActiveCfg = Release|x64
		{FE0954CE-B7C4-41B7-A60B-3365B0C32D76}.Release|x64.Build.0 = Release|x64
		{FE0954CE-B7C4-41B7-A60B-3365B0C32D76}.Release|x86.ActiveCfg = Release|Win32
		{FE0954CE-B7C4-41B7-A60B-3365B0C32D76}.Release|x86.Build.0 = Release|Win32
	EndGlobalSection
	GlobalSection(SolutionProperties) = preSolution
		HideSolutionNode = FALSE
	EndGlobalSection
	GlobalSection(ExtensibilityGlobals) = postSolution
		SolutionGuid = {B17E7762-E5F7-4C0C-82B7-629333C94A65}
	EndGlobalSection
EndGlobal
